
Microsoft Visual Studio Solution File, Format Version 12.00
# Visual Studio Version 17
VisualStudioVersion = 17.7.34024.191
MinimumVisualStudioVersion = 10.0.40219.1
Project("{FAE04EC0-301F-11D3-BF4B-00C04F79EFBC}") = "MLTestOneWinForm", "MLTestOneWinForm\MLTestOneWinForm.csproj", "{44557A7E-9F00-479D-B864-AEA9215A6072}"
EndProject
Global
	GlobalSection(SolutionConfigurationPlatforms) = preSolution
		Debug|Any CPU = Debug|Any CPU
		Release|Any CPU = Release|Any CPU
	EndGlobalSection
	GlobalSection(ProjectConfigurationPlatforms) = postSolution
		{44557A7E-9F00-479D-B864-AEA9215A6072}.Debug|Any CPU.ActiveCfg = Debug|Any CPU
		{44557A7E-9F00-479D-B864-AEA9215A6072}.Debug|Any CPU.Build.0 = Debug|Any CPU
		{44557A7E-9F00-479D-B864-AEA9215A6072}.Release|Any CPU.ActiveCfg = Release|Any CPU
		{44557A7E-9F00-479D-B864-AEA9215A6072}.Release|Any CPU.Build.0 = Release|Any CPU
	EndGlobalSection
	GlobalSection(SolutionProperties) = preSolution
		HideSolutionNode = FALSE
	EndGlobalSection
	GlobalSection(ExtensibilityGlobals) = postSolution
		SolutionGuid = {8C80EFE2-6706-46B6-8016-87999486FE29}
	EndGlobalSection
EndGlobal
